
Microsoft Visual Studio Solution File, Format Version 12.00
# Visual Studio Version 16
VisualStudioVersion = 16.0.31727.386
MinimumVisualStudioVersion = 10.0.40219.1
Project("{FAE04EC0-301F-11D3-BF4B-00C04F79EFBC}") = "LofiHollow", "LofiHollow.csproj", "{1A9521B0-EF92-4F94-8973-E190F126A650}"
EndProject
Global
	GlobalSection(SolutionConfigurationPlatforms) = preSolution
		Debug|Any CPU = Debug|Any CPU
		Release|Any CPU = Release|Any CPU
	EndGlobalSection
	GlobalSection(ProjectConfigurationPlatforms) = postSolution
		{1A9521B0-EF92-4F94-8973-E190F126A650}.Debug|Any CPU.ActiveCfg = Debug|Any CPU
		{1A9521B0-EF92-4F94-8973-E190F126A650}.Debug|Any CPU.Build.0 = Debug|Any CPU
		{1A9521B0-EF92-4F94-8973-E190F126A650}.Release|Any CPU.ActiveCfg = Release|Any CPU
		{1A9521B0-EF92-4F94-8973-E190F126A650}.Release|Any CPU.Build.0 = Release|Any CPU
	EndGlobalSection
	GlobalSection(SolutionProperties) = preSolution
		HideSolutionNode = FALSE
	EndGlobalSection
	GlobalSection(ExtensibilityGlobals) = postSolution
		SolutionGuid = {49685E71-03A3-4FDC-9B33-378932B260A8}
	EndGlobalSection
EndGlobal
