
Microsoft Visual Studio Solution File, Format Version 12.00
# Visual Studio Version 16
VisualStudioVersion = 16.0.31624.102
MinimumVisualStudioVersion = 10.0.40219.1
Project("{FAE04EC0-301F-11D3-BF4B-00C04F79EFBC}") = "Jawara", "Jawara.csproj", "{B0FD1B23-51D7-4BE6-9820-1C630C0E2DE9}"
EndProject
Global
	GlobalSection(SolutionConfigurationPlatforms) = preSolution
		Debug|Any CPU = Debug|Any CPU
		Release|Any CPU = Release|Any CPU
	EndGlobalSection
	GlobalSection(ProjectConfigurationPlatforms) = postSolution
		{B0FD1B23-51D7-4BE6-9820-1C630C0E2DE9}.Debug|Any CPU.ActiveCfg = Debug|Any CPU
		{B0FD1B23-51D7-4BE6-9820-1C630C0E2DE9}.Debug|Any CPU.Build.0 = Debug|Any CPU
		{B0FD1B23-51D7-4BE6-9820-1C630C0E2DE9}.Release|Any CPU.ActiveCfg = Release|Any CPU
		{B0FD1B23-51D7-4BE6-9820-1C630C0E2DE9}.Release|Any CPU.Build.0 = Release|Any CPU
	EndGlobalSection
	GlobalSection(SolutionProperties) = preSolution
		HideSolutionNode = FALSE
	EndGlobalSection
	GlobalSection(ExtensibilityGlobals) = postSolution
		SolutionGuid = {FB6BBA77-C40E-440A-AAD5-748C74F2AD3C}
	EndGlobalSection
EndGlobal
